
Microsoft Visual Studio Solution File, Format Version 11.00
# Visual Studio 2010
Project("{CC5FD16D-436D-48AD-A40C-5A424C6E3E79}") = "AzureWorker", "AzureWorker\AzureWorker.ccproj", "{35B6EA6B-12CB-4E05-8F6E-7E19D41C2FD6}"
EndProject
Project("{FAE04EC0-301F-11D3-BF4B-00C04F79EFBC}") = "SampleWorker", "SampleWorker\SampleWorker.csproj", "{45D9C696-B768-4260-856B-3541EBDEFCAA}"
EndProject
Global
	GlobalSection(SolutionConfigurationPlatforms) = preSolution
		Debug|Any CPU = Debug|Any CPU
		Release|Any CPU = Release|Any CPU
	EndGlobalSection
	GlobalSection(ProjectConfigurationPlatforms) = postSolution
		{35B6EA6B-12CB-4E05-8F6E-7E19D41C2FD6}.Debug|Any CPU.ActiveCfg = Debug|Any CPU
		{35B6EA6B-12CB-4E05-8F6E-7E19D41C2FD6}.Debug|Any CPU.Build.0 = Debug|Any CPU
		{35B6EA6B-12CB-4E05-8F6E-7E19D41C2FD6}.Release|Any CPU.ActiveCfg = Release|Any CPU
		{35B6EA6B-12CB-4E05-8F6E-7E19D41C2FD6}.Release|Any CPU.Build.0 = Release|Any CPU
		{45D9C696-B768-4260-856B-3541EBDEFCAA}.Debug|Any CPU.ActiveCfg = Debug|Any CPU
		{45D9C696-B768-4260-856B-3541EBDEFCAA}.Debug|Any CPU.Build.0 = Debug|Any CPU
		{45D9C696-B768-4260-856B-3541EBDEFCAA}.Release|Any CPU.ActiveCfg = Release|Any CPU
		{45D9C696-B768-4260-856B-3541EBDEFCAA}.Release|Any CPU.Build.0 = Release|Any CPU
	EndGlobalSection
	GlobalSection(SolutionProperties) = preSolution
		HideSolutionNode = FALSE
	EndGlobalSection
EndGlobal
